{
  "pins" : [
    {
      "identity" : "adjust_signature_sdk",
      "kind" : "remoteSourceControl",
      "location" : "https://github.com/adjust/adjust_signature_sdk.git",
      "state" : {
        "revision" : "be8480912886a247e41711a4dbdd0ffebcf8eee3",
        "version" : "3.35.0"
      }
    },
    {
      "identity" : "ios_sdk",
      "kind" : "remoteSourceControl",
      "location" : "https://github.com/adjust/ios_sdk.git",
      "state" : {
        "revision" : "c419718364e9f360c602a17a64b91c591f33fe6a",
        "version" : "5.0.1"
      }
    }
  ],
  "version" : 2
}
