{
  "originHash" : "742139843d2e75f8d119ae8cb9c0b3b08fbdb95a54ca33f0fc28605125e02d52",
  "pins" : [
    {
      "identity" : "adjust_signature_sdk",
      "kind" : "remoteSourceControl",
      "location" : "https://github.com/adjust/adjust_signature_sdk.git",
      "state" : {
        "revision" : "66318e76d7b61266d76fe65e9c40e0f88c848478",
        "version" : "3.20.2"
      }
    },
    {
      "identity" : "ios_sdk",
      "kind" : "remoteSourceControl",
      "location" : "https://github.com/adjust/ios_sdk.git",
      "state" : {
        "revision" : "c419718364e9f360c602a17a64b91c591f33fe6a",
        "version" : "5.0.1"
      }
    }
  ],
  "version" : 3
}
